
Microsoft Visual Studio Solution File, Format Version 12.00
# Visual Studio Version 16
VisualStudioVersion = 16.0.31105.61
MinimumVisualStudioVersion = 10.0.40219.1
Project("{FAE04EC0-301F-11D3-BF4B-00C04F79EFBC}") = "hw1", "hw1\hw1\hw1.csproj", "{6AE4DDF1-2E31-47D4-B809-6BEEC3DFCBD2}"
EndProject
Project("{FAE04EC0-301F-11D3-BF4B-00C04F79EFBC}") = "hw1.Tests", "hw1\hw1.Tests\hw1.Tests.csproj", "{F29DE64E-86B2-421B-AF64-A7762B156C66}"
EndProject
Project("{FAE04EC0-301F-11D3-BF4B-00C04F79EFBC}") = "hw2", "hw2\hw2\hw2.ilproj", "{5093AAEE-B2F8-4156-92A2-6FA6648FD361}"
EndProject
Project("{FAE04EC0-301F-11D3-BF4B-00C04F79EFBC}") = "hw2.Program", "hw2\hw2.Program\hw2.Program.csproj", "{091B5FC3-2D89-439D-A5AD-AAB387792F48}"
EndProject
Project("{FAE04EC0-301F-11D3-BF4B-00C04F79EFBC}") = "hw2.Tests", "hw2\hw2.Tests\hw2.Tests.csproj", "{19493EC5-E97D-42DB-B0AB-8C0AFAEAC18E}"
EndProject
Project("{F2A71F9B-5D33-465A-A702-920D77279786}") = "hw4", "hw4\hw4\hw4.fsproj", "{20D501FD-DF86-4DA6-9473-C4ECD4479C7C}"
EndProject
Project("{F2A71F9B-5D33-465A-A702-920D77279786}") = "hw4.Tests", "hw4\hw4.Tests\hw4.Tests.fsproj", "{2357D68D-9E28-49A6-8F4E-4E7B78DCB6B5}"
EndProject
Project("{2150E333-8FDC-42A3-9474-1A3956D46DE8}") = "hw1", "hw1", "{12A64F07-B46E-4B5E-848E-ECC94EAED492}"
EndProject
Project("{2150E333-8FDC-42A3-9474-1A3956D46DE8}") = "hw2", "hw2", "{DDD66B52-8EAE-495A-ACDA-B460702C5CE5}"
EndProject
Project("{2150E333-8FDC-42A3-9474-1A3956D46DE8}") = "hw4", "hw4", "{D18379A5-948A-42A1-AD2C-1591FBFCB81C}"
EndProject
Project("{F2A71F9B-5D33-465A-A702-920D77279786}") = "hw5", "hw5\hw5\hw5.fsproj", "{21D7EB39-4A35-4D19-97A0-9F9B471B9491}"
EndProject
Project("{2150E333-8FDC-42A3-9474-1A3956D46DE8}") = "hw5", "hw5", "{022CBC3A-B7C7-43B7-BB54-49F15AF807AD}"
EndProject
Project("{F2A71F9B-5D33-465A-A702-920D77279786}") = "hw5.Tests", "hw5\hw5.Tests\hw5.Tests.fsproj", "{6F2914C7-DC82-43EA-97EB-0E0E2E8E8FC7}"
EndProject
Global
	GlobalSection(SolutionConfigurationPlatforms) = preSolution
		Debug|Any CPU = Debug|Any CPU
		Release|Any CPU = Release|Any CPU
	EndGlobalSection
	GlobalSection(ProjectConfigurationPlatforms) = postSolution
		{6AE4DDF1-2E31-47D4-B809-6BEEC3DFCBD2}.Debug|Any CPU.ActiveCfg = Debug|Any CPU
		{6AE4DDF1-2E31-47D4-B809-6BEEC3DFCBD2}.Debug|Any CPU.Build.0 = Debug|Any CPU
		{6AE4DDF1-2E31-47D4-B809-6BEEC3DFCBD2}.Release|Any CPU.ActiveCfg = Release|Any CPU
		{6AE4DDF1-2E31-47D4-B809-6BEEC3DFCBD2}.Release|Any CPU.Build.0 = Release|Any CPU
		{F29DE64E-86B2-421B-AF64-A7762B156C66}.Debug|Any CPU.ActiveCfg = Debug|Any CPU
		{F29DE64E-86B2-421B-AF64-A7762B156C66}.Debug|Any CPU.Build.0 = Debug|Any CPU
		{F29DE64E-86B2-421B-AF64-A7762B156C66}.Release|Any CPU.ActiveCfg = Release|Any CPU
		{F29DE64E-86B2-421B-AF64-A7762B156C66}.Release|Any CPU.Build.0 = Release|Any CPU
		{5093AAEE-B2F8-4156-92A2-6FA6648FD361}.Debug|Any CPU.ActiveCfg = Debug|Any CPU
		{5093AAEE-B2F8-4156-92A2-6FA6648FD361}.Debug|Any CPU.Build.0 = Debug|Any CPU
		{5093AAEE-B2F8-4156-92A2-6FA6648FD361}.Release|Any CPU.ActiveCfg = Release|Any CPU
		{5093AAEE-B2F8-4156-92A2-6FA6648FD361}.Release|Any CPU.Build.0 = Release|Any CPU
		{091B5FC3-2D89-439D-A5AD-AAB387792F48}.Debug|Any CPU.ActiveCfg = Debug|Any CPU
		{091B5FC3-2D89-439D-A5AD-AAB387792F48}.Debug|Any CPU.Build.0 = Debug|Any CPU
		{091B5FC3-2D89-439D-A5AD-AAB387792F48}.Release|Any CPU.ActiveCfg = Release|Any CPU
		{091B5FC3-2D89-439D-A5AD-AAB387792F48}.Release|Any CPU.Build.0 = Release|Any CPU
		{19493EC5-E97D-42DB-B0AB-8C0AFAEAC18E}.Debug|Any CPU.ActiveCfg = Debug|Any CPU
		{19493EC5-E97D-42DB-B0AB-8C0AFAEAC18E}.Debug|Any CPU.Build.0 = Debug|Any CPU
		{19493EC5-E97D-42DB-B0AB-8C0AFAEAC18E}.Release|Any CPU.ActiveCfg = Release|Any CPU
		{19493EC5-E97D-42DB-B0AB-8C0AFAEAC18E}.Release|Any CPU.Build.0 = Release|Any CPU
		{20D501FD-DF86-4DA6-9473-C4ECD4479C7C}.Debug|Any CPU.ActiveCfg = Debug|Any CPU
		{20D501FD-DF86-4DA6-9473-C4ECD4479C7C}.Debug|Any CPU.Build.0 = Debug|Any CPU
		{20D501FD-DF86-4DA6-9473-C4ECD4479C7C}.Release|Any CPU.ActiveCfg = Release|Any CPU
		{20D501FD-DF86-4DA6-9473-C4ECD4479C7C}.Release|Any CPU.Build.0 = Release|Any CPU
		{2357D68D-9E28-49A6-8F4E-4E7B78DCB6B5}.Debug|Any CPU.ActiveCfg = Debug|Any CPU
		{2357D68D-9E28-49A6-8F4E-4E7B78DCB6B5}.Debug|Any CPU.Build.0 = Debug|Any CPU
		{2357D68D-9E28-49A6-8F4E-4E7B78DCB6B5}.Release|Any CPU.ActiveCfg = Release|Any CPU
		{2357D68D-9E28-49A6-8F4E-4E7B78DCB6B5}.Release|Any CPU.Build.0 = Release|Any CPU
		{21D7EB39-4A35-4D19-97A0-9F9B471B9491}.Debug|Any CPU.ActiveCfg = Debug|Any CPU
		{21D7EB39-4A35-4D19-97A0-9F9B471B9491}.Debug|Any CPU.Build.0 = Debug|Any CPU
		{21D7EB39-4A35-4D19-97A0-9F9B471B9491}.Release|Any CPU.ActiveCfg = Release|Any CPU
		{21D7EB39-4A35-4D19-97A0-9F9B471B9491}.Release|Any CPU.Build.0 = Release|Any CPU
		{6F2914C7-DC82-43EA-97EB-0E0E2E8E8FC7}.Debug|Any CPU.ActiveCfg = Debug|Any CPU
		{6F2914C7-DC82-43EA-97EB-0E0E2E8E8FC7}.Debug|Any CPU.Build.0 = Debug|Any CPU
		{6F2914C7-DC82-43EA-97EB-0E0E2E8E8FC7}.Release|Any CPU.ActiveCfg = Release|Any CPU
		{6F2914C7-DC82-43EA-97EB-0E0E2E8E8FC7}.Release|Any CPU.Build.0 = Release|Any CPU
	EndGlobalSection
	GlobalSection(SolutionProperties) = preSolution
		HideSolutionNode = FALSE
	EndGlobalSection
	GlobalSection(ExtensibilityGlobals) = postSolution
		SolutionGuid = {9926DDF4-2DE4-4414-B32C-87596ADC54E7}
	EndGlobalSection
	GlobalSection(NestedProjects) = preSolution
		{6AE4DDF1-2E31-47D4-B809-6BEEC3DFCBD2} = {12A64F07-B46E-4B5E-848E-ECC94EAED492}
		{F29DE64E-86B2-421B-AF64-A7762B156C66} = {12A64F07-B46E-4B5E-848E-ECC94EAED492}
		{5093AAEE-B2F8-4156-92A2-6FA6648FD361} = {DDD66B52-8EAE-495A-ACDA-B460702C5CE5}
		{091B5FC3-2D89-439D-A5AD-AAB387792F48} = {DDD66B52-8EAE-495A-ACDA-B460702C5CE5}
		{19493EC5-E97D-42DB-B0AB-8C0AFAEAC18E} = {DDD66B52-8EAE-495A-ACDA-B460702C5CE5}
		{20D501FD-DF86-4DA6-9473-C4ECD4479C7C} = {D18379A5-948A-42A1-AD2C-1591FBFCB81C}
		{2357D68D-9E28-49A6-8F4E-4E7B78DCB6B5} = {D18379A5-948A-42A1-AD2C-1591FBFCB81C}
		{21D7EB39-4A35-4D19-97A0-9F9B471B9491} = {022CBC3A-B7C7-43B7-BB54-49F15AF807AD}
		{6F2914C7-DC82-43EA-97EB-0E0E2E8E8FC7} = {022CBC3A-B7C7-43B7-BB54-49F15AF807AD}
	EndGlobalSection
EndGlobal
